// !$*UTF8*$!
{
	archiveVersion = 1;
	classes = {
	};
	objectVersion = 46;
	objects = {

/* Begin PBXBuildFile section */
		21577CCF1D9B58E00098BDC3 /* libNIMSDK_arm64.a in Frameworks */ = {isa = PBXBuildFile; fileRef = 21577CCB1D9B58E00098BDC3 /* libNIMSDK_arm64.a */; };
		21577CD01D9B58E00098BDC3 /* libNIMSDK_armv7.a in Frameworks */ = {isa = PBXBuildFile; fileRef = 21577CCC1D9B58E00098BDC3 /* libNIMSDK_armv7.a */; };
		21577CD11D9B58E00098BDC3 /* libNIMSDK_i386.a in Frameworks */ = {isa = PBXBuildFile; fileRef = 21577CCD1D9B58E00098BDC3 /* libNIMSDK_i386.a */; };
		21577CD21D9B58E00098BDC3 /* libNIMSDK_x86_64.a in Frameworks */ = {isa = PBXBuildFile; fileRef = 21577CCE1D9B58E00098BDC3 /* libNIMSDK_x86_64.a */; };
		218008E71D98CFD000ABD11B /* libNIMAVChat.a in Frameworks */ = {isa = PBXBuildFile; fileRef = 218008A01D98CFD000ABD11B /* libNIMAVChat.a */; };
		218008E81D98CFD000ABD11B /* libnio.a in Frameworks */ = {isa = PBXBuildFile; fileRef = 218008A21D98CFD000ABD11B /* libnio.a */; };
		218008E91D98CFD000ABD11B /* libnts.a in Frameworks */ = {isa = PBXBuildFile; fileRef = 218008A31D98CFD000ABD11B /* libnts.a */; };
		218008EA1D98CFD000ABD11B /* libnvs.a in Frameworks */ = {isa = PBXBuildFile; fileRef = 218008A41D98CFD000ABD11B /* libnvs.a */; };
		218008EB1D98CFD000ABD11B /* libopenh264.a in Frameworks */ = {isa = PBXBuildFile; fileRef = 218008A51D98CFD000ABD11B /* libopenh264.a */; };
		218008EC1D98CFD000ABD11B /* libopus.a in Frameworks */ = {isa = PBXBuildFile; fileRef = 218008A61D98CFD000ABD11B /* libopus.a */; };
		218008EE1D98CFD000ABD11B /* libaacplus.a in Frameworks */ = {isa = PBXBuildFile; fileRef = 218008E31D98CFD000ABD11B /* libaacplus.a */; };
		218008EF1D98CFD000ABD11B /* libcrypto.a in Frameworks */ = {isa = PBXBuildFile; fileRef = 218008E41D98CFD000ABD11B /* libcrypto.a */; };
		218008F01D98CFD000ABD11B /* libevent.a in Frameworks */ = {isa = PBXBuildFile; fileRef = 218008E51D98CFD000ABD11B /* libevent.a */; };
		218008F11D98CFD000ABD11B /* libssl.a in Frameworks */ = {isa = PBXBuildFile; fileRef = 218008E61D98CFD000ABD11B /* libssl.a */; };
		2180090D1D98E6C900ABD11B /* AppCanKit.framework in Frameworks */ = {isa = PBXBuildFile; fileRef = 2180090C1D98E6C900ABD11B /* AppCanKit.framework */; };
		3C1EB1511C40B661006290B2 /* NSString+NTES.m in Sources */ = {isa = PBXBuildFile; fileRef = 3C1EB1501C40B661006290B2 /* NSString+NTES.m */; };
		3CEE307C1C40A4ED002787AD /* uexNIMManager.m in Sources */ = {isa = PBXBuildFile; fileRef = 3CEE30681C40A4ED002787AD /* uexNIMManager.m */; };
		3CEF0F5B1C48DC92009F53BB /* NTESGLView.m in Sources */ = {isa = PBXBuildFile; fileRef = 3CEF0F5A1C48DC92009F53BB /* NTESGLView.m */; };
		3CFD25C71C3D0A1E00A8D99C /* EUExNIM.m in Sources */ = {isa = PBXBuildFile; fileRef = 3CFD25C61C3D0A1E00A8D99C /* EUExNIM.m */; };
/* End PBXBuildFile section */

/* Begin PBXCopyFilesBuildPhase section */
		3CFD25BF1C3D0A1E00A8D99C /* CopyFiles */ = {
			isa = PBXCopyFilesBuildPhase;
			buildActionMask = 2147483647;
			dstPath = "";
			dstSubfolderSpec = 16;
			files = (
			);
			runOnlyForDeploymentPostprocessing = 0;
		};
/* End PBXCopyFilesBuildPhase section */

/* Begin PBXFileReference section */
		21577CCB1D9B58E00098BDC3 /* libNIMSDK_arm64.a */ = {isa = PBXFileReference; lastKnownFileType = archive.ar; path = libNIMSDK_arm64.a; sourceTree = "<group>"; };
		21577CCC1D9B58E00098BDC3 /* libNIMSDK_armv7.a */ = {isa = PBXFileReference; lastKnownFileType = archive.ar; path = libNIMSDK_armv7.a; sourceTree = "<group>"; };
		21577CCD1D9B58E00098BDC3 /* libNIMSDK_i386.a */ = {isa = PBXFileReference; lastKnownFileType = archive.ar; path = libNIMSDK_i386.a; sourceTree = "<group>"; };
		21577CCE1D9B58E00098BDC3 /* libNIMSDK_x86_64.a */ = {isa = PBXFileReference; lastKnownFileType = archive.ar; path = libNIMSDK_x86_64.a; sourceTree = "<group>"; };
		218008971D98CFD000ABD11B /* NIMAVChat.h */ = {isa = PBXFileReference; fileEncoding = 4; lastKnownFileType = sourcecode.c.h; path = NIMAVChat.h; sourceTree = "<group>"; };
		218008981D98CFD000ABD11B /* NIMNetCallDefs.h */ = {isa = PBXFileReference; fileEncoding = 4; lastKnownFileType = sourcecode.c.h; path = NIMNetCallDefs.h; sourceTree = "<group>"; };
		218008991D98CFD000ABD11B /* NIMNetCallManagerProtocol.h */ = {isa = PBXFileReference; fileEncoding = 4; lastKnownFileType = sourcecode.c.h; path = NIMNetCallManagerProtocol.h; sourceTree = "<group>"; };
		2180089A1D98CFD000ABD11B /* NIMNetCallMeeting.h */ = {isa = PBXFileReference; fileEncoding = 4; lastKnownFileType = sourcecode.c.h; path = NIMNetCallMeeting.h; sourceTree = "<group>"; };
		2180089B1D98CFD000ABD11B /* NIMNetCallOption.h */ = {isa = PBXFileReference; fileEncoding = 4; lastKnownFileType = sourcecode.c.h; path = NIMNetCallOption.h; sourceTree = "<group>"; };
		2180089C1D98CFD000ABD11B /* NIMNetCallRecordingInfo.h */ = {isa = PBXFileReference; fileEncoding = 4; lastKnownFileType = sourcecode.c.h; path = NIMNetCallRecordingInfo.h; sourceTree = "<group>"; };
		2180089D1D98CFD000ABD11B /* NIMRTSManagerProtocol.h */ = {isa = PBXFileReference; fileEncoding = 4; lastKnownFileType = sourcecode.c.h; path = NIMRTSManagerProtocol.h; sourceTree = "<group>"; };
		2180089E1D98CFD000ABD11B /* NIMRTSOption.h */ = {isa = PBXFileReference; fileEncoding = 4; lastKnownFileType = sourcecode.c.h; path = NIMRTSOption.h; sourceTree = "<group>"; };
		2180089F1D98CFD000ABD11B /* NIMRTSRecordingInfo.h */ = {isa = PBXFileReference; fileEncoding = 4; lastKnownFileType = sourcecode.c.h; path = NIMRTSRecordingInfo.h; sourceTree = "<group>"; };
		218008A01D98CFD000ABD11B /* libNIMAVChat.a */ = {isa = PBXFileReference; lastKnownFileType = archive.ar; path = libNIMAVChat.a; sourceTree = "<group>"; };
		218008A21D98CFD000ABD11B /* libnio.a */ = {isa = PBXFileReference; lastKnownFileType = archive.ar; path = libnio.a; sourceTree = "<group>"; };
		218008A31D98CFD000ABD11B /* libnts.a */ = {isa = PBXFileReference; lastKnownFileType = archive.ar; path = libnts.a; sourceTree = "<group>"; };
		218008A41D98CFD000ABD11B /* libnvs.a */ = {isa = PBXFileReference; lastKnownFileType = archive.ar; path = libnvs.a; sourceTree = "<group>"; };
		218008A51D98CFD000ABD11B /* libopenh264.a */ = {isa = PBXFileReference; lastKnownFileType = archive.ar; path = libopenh264.a; sourceTree = "<group>"; };
		218008A61D98CFD000ABD11B /* libopus.a */ = {isa = PBXFileReference; lastKnownFileType = archive.ar; path = libopus.a; sourceTree = "<group>"; };
		218008AA1D98CFD000ABD11B /* NIMChatroom.h */ = {isa = PBXFileReference; fileEncoding = 4; lastKnownFileType = sourcecode.c.h; path = NIMChatroom.h; sourceTree = "<group>"; };
		218008AB1D98CFD000ABD11B /* NIMChatroomEnterRequest.h */ = {isa = PBXFileReference; fileEncoding = 4; lastKnownFileType = sourcecode.c.h; path = NIMChatroomEnterRequest.h; sourceTree = "<group>"; };
		218008AC1D98CFD000ABD11B /* NIMChatroomMember.h */ = {isa = PBXFileReference; fileEncoding = 4; lastKnownFileType = sourcecode.c.h; path = NIMChatroomMember.h; sourceTree = "<group>"; };
		218008AD1D98CFD000ABD11B /* NIMChatroomMemberRequest.h */ = {isa = PBXFileReference; fileEncoding = 4; lastKnownFileType = sourcecode.c.h; path = NIMChatroomMemberRequest.h; sourceTree = "<group>"; };
		218008AE1D98CFD000ABD11B /* NIMChatroomQueueRequest.h */ = {isa = PBXFileReference; fileEncoding = 4; lastKnownFileType = sourcecode.c.h; path = NIMChatroomQueueRequest.h; sourceTree = "<group>"; };
		218008AF1D98CFD000ABD11B /* NIMChatroomUpdateRequest.h */ = {isa = PBXFileReference; fileEncoding = 4; lastKnownFileType = sourcecode.c.h; path = NIMChatroomUpdateRequest.h; sourceTree = "<group>"; };
		218008B01D98CFD000ABD11B /* NIMMessageChatroomExtension.h */ = {isa = PBXFileReference; fileEncoding = 4; lastKnownFileType = sourcecode.c.h; path = NIMMessageChatroomExtension.h; sourceTree = "<group>"; };
		218008B21D98CFD000ABD11B /* NIMAudioObject.h */ = {isa = PBXFileReference; fileEncoding = 4; lastKnownFileType = sourcecode.c.h; path = NIMAudioObject.h; sourceTree = "<group>"; };
		218008B31D98CFD000ABD11B /* NIMCustomObject.h */ = {isa = PBXFileReference; fileEncoding = 4; lastKnownFileType = sourcecode.c.h; path = NIMCustomObject.h; sourceTree = "<group>"; };
		218008B41D98CFD000ABD11B /* NIMFileObject.h */ = {isa = PBXFileReference; fileEncoding = 4; lastKnownFileType = sourcecode.c.h; path = NIMFileObject.h; sourceTree = "<group>"; };
		218008B51D98CFD000ABD11B /* NIMImageObject.h */ = {isa = PBXFileReference; fileEncoding = 4; lastKnownFileType = sourcecode.c.h; path = NIMImageObject.h; sourceTree = "<group>"; };
		218008B61D98CFD000ABD11B /* NIMLocationObject.h */ = {isa = PBXFileReference; fileEncoding = 4; lastKnownFileType = sourcecode.c.h; path = NIMLocationObject.h; sourceTree = "<group>"; };
		218008B71D98CFD000ABD11B /* NIMNotificationObject.h */ = {isa = PBXFileReference; fileEncoding = 4; lastKnownFileType = sourcecode.c.h; path = NIMNotificationObject.h; sourceTree = "<group>"; };
		218008B81D98CFD000ABD11B /* NIMTipObject.h */ = {isa = PBXFileReference; fileEncoding = 4; lastKnownFileType = sourcecode.c.h; path = NIMTipObject.h; sourceTree = "<group>"; };
		218008B91D98CFD000ABD11B /* NIMVideoObject.h */ = {isa = PBXFileReference; fileEncoding = 4; lastKnownFileType = sourcecode.c.h; path = NIMVideoObject.h; sourceTree = "<group>"; };
		218008BB1D98CFD000ABD11B /* NIMChatroomNotificationContent.h */ = {isa = PBXFileReference; fileEncoding = 4; lastKnownFileType = sourcecode.c.h; path = NIMChatroomNotificationContent.h; sourceTree = "<group>"; };
		218008BC1D98CFD000ABD11B /* NIMNetCallNotificationContent.h */ = {isa = PBXFileReference; fileEncoding = 4; lastKnownFileType = sourcecode.c.h; path = NIMNetCallNotificationContent.h; sourceTree = "<group>"; };
		218008BD1D98CFD000ABD11B /* NIMNotificationContent.h */ = {isa = PBXFileReference; fileEncoding = 4; lastKnownFileType = sourcecode.c.h; path = NIMNotificationContent.h; sourceTree = "<group>"; };
		218008BE1D98CFD000ABD11B /* NIMTeamNotificationContent.h */ = {isa = PBXFileReference; fileEncoding = 4; lastKnownFileType = sourcecode.c.h; path = NIMTeamNotificationContent.h; sourceTree = "<group>"; };
		218008BF1D98CFD000ABD11B /* NIMUnsupportedNotificationContent.h */ = {isa = PBXFileReference; fileEncoding = 4; lastKnownFileType = sourcecode.c.h; path = NIMUnsupportedNotificationContent.h; sourceTree = "<group>"; };
		218008C01D98CFD000ABD11B /* NIMCustomSystemNotificationSetting.h */ = {isa = PBXFileReference; fileEncoding = 4; lastKnownFileType = sourcecode.c.h; path = NIMCustomSystemNotificationSetting.h; sourceTree = "<group>"; };
		218008C11D98CFD000ABD11B /* NIMGlobalDefs.h */ = {isa = PBXFileReference; fileEncoding = 4; lastKnownFileType = sourcecode.c.h; path = NIMGlobalDefs.h; sourceTree = "<group>"; };
		218008C21D98CFD000ABD11B /* NIMLoginClient.h */ = {isa = PBXFileReference; fileEncoding = 4; lastKnownFileType = sourcecode.c.h; path = NIMLoginClient.h; sourceTree = "<group>"; };
		218008C31D98CFD000ABD11B /* NIMMessage.h */ = {isa = PBXFileReference; fileEncoding = 4; lastKnownFileType = sourcecode.c.h; path = NIMMessage.h; sourceTree = "<group>"; };
		218008C41D98CFD000ABD11B /* NIMMessageApnsMemberOption.h */ = {isa = PBXFileReference; fileEncoding = 4; lastKnownFileType = sourcecode.c.h; path = NIMMessageApnsMemberOption.h; sourceTree = "<group>"; };
		218008C51D98CFD000ABD11B /* NIMMessageReceipt.h */ = {isa = PBXFileReference; fileEncoding = 4; lastKnownFileType = sourcecode.c.h; path = NIMMessageReceipt.h; sourceTree = "<group>"; };
		218008C61D98CFD000ABD11B /* NIMMessageSearchOption.h */ = {isa = PBXFileReference; fileEncoding = 4; lastKnownFileType = sourcecode.c.h; path = NIMMessageSearchOption.h; sourceTree = "<group>"; };
		218008C71D98CFD000ABD11B /* NIMMessageSetting.h */ = {isa = PBXFileReference; fileEncoding = 4; lastKnownFileType = sourcecode.c.h; path = NIMMessageSetting.h; sourceTree = "<group>"; };
		218008C81D98CFD000ABD11B /* NIMPushNotificationSetting.h */ = {isa = PBXFileReference; fileEncoding = 4; lastKnownFileType = sourcecode.c.h; path = NIMPushNotificationSetting.h; sourceTree = "<group>"; };
		218008C91D98CFD000ABD11B /* NIMRecentSession.h */ = {isa = PBXFileReference; fileEncoding = 4; lastKnownFileType = sourcecode.c.h; path = NIMRecentSession.h; sourceTree = "<group>"; };
		218008CA1D98CFD000ABD11B /* NIMSDK.h */ = {isa = PBXFileReference; fileEncoding = 4; lastKnownFileType = sourcecode.c.h; path = NIMSDK.h; sourceTree = "<group>"; };
		218008CB1D98CFD000ABD11B /* NIMSDKConfig.h */ = {isa = PBXFileReference; fileEncoding = 4; lastKnownFileType = sourcecode.c.h; path = NIMSDKConfig.h; sourceTree = "<group>"; };
		218008CC1D98CFD000ABD11B /* NIMSDKHeaders.h */ = {isa = PBXFileReference; fileEncoding = 4; lastKnownFileType = sourcecode.c.h; path = NIMSDKHeaders.h; sourceTree = "<group>"; };
		218008CD1D98CFD000ABD11B /* NIMSession.h */ = {isa = PBXFileReference; fileEncoding = 4; lastKnownFileType = sourcecode.c.h; path = NIMSession.h; sourceTree = "<group>"; };
		218008CE1D98CFD000ABD11B /* NIMSystemNotification.h */ = {isa = PBXFileReference; fileEncoding = 4; lastKnownFileType = sourcecode.c.h; path = NIMSystemNotification.h; sourceTree = "<group>"; };
		218008CF1D98CFD000ABD11B /* NIMUser.h */ = {isa = PBXFileReference; fileEncoding = 4; lastKnownFileType = sourcecode.c.h; path = NIMUser.h; sourceTree = "<group>"; };
		218008D11D98CFD000ABD11B /* NIMApnsManagerProtocol.h */ = {isa = PBXFileReference; fileEncoding = 4; lastKnownFileType = sourcecode.c.h; path = NIMApnsManagerProtocol.h; sourceTree = "<group>"; };
		218008D21D98CFD000ABD11B /* NIMChatManagerProtocol.h */ = {isa = PBXFileReference; fileEncoding = 4; lastKnownFileType = sourcecode.c.h; path = NIMChatManagerProtocol.h; sourceTree = "<group>"; };
		218008D31D98CFD000ABD11B /* NIMChatroomManagerProtocol.h */ = {isa = PBXFileReference; fileEncoding = 4; lastKnownFileType = sourcecode.c.h; path = NIMChatroomManagerProtocol.h; sourceTree = "<group>"; };
		218008D41D98CFD000ABD11B /* NIMConversationManagerProtocol.h */ = {isa = PBXFileReference; fileEncoding = 4; lastKnownFileType = sourcecode.c.h; path = NIMConversationManagerProtocol.h; sourceTree = "<group>"; };
		218008D51D98CFD000ABD11B /* NIMLoginManagerProtocol.h */ = {isa = PBXFileReference; fileEncoding = 4; lastKnownFileType = sourcecode.c.h; path = NIMLoginManagerProtocol.h; sourceTree = "<group>"; };
		218008D61D98CFD000ABD11B /* NIMMediaManagerProtocol.h */ = {isa = PBXFileReference; fileEncoding = 4; lastKnownFileType = sourcecode.c.h; path = NIMMediaManagerProtocol.h; sourceTree = "<group>"; };
		218008D71D98CFD000ABD11B /* NIMMessageObjectProtocol.h */ = {isa = PBXFileReference; fileEncoding = 4; lastKnownFileType = sourcecode.c.h; path = NIMMessageObjectProtocol.h; sourceTree = "<group>"; };
		218008D81D98CFD000ABD11B /* NIMResourceManagerProtocol.h */ = {isa = PBXFileReference; fileEncoding = 4; lastKnownFileType = sourcecode.c.h; path = NIMResourceManagerProtocol.h; sourceTree = "<group>"; };
		218008D91D98CFD000ABD11B /* NIMSystemNotificationManagerProtocol.h */ = {isa = PBXFileReference; fileEncoding = 4; lastKnownFileType = sourcecode.c.h; path = NIMSystemNotificationManagerProtocol.h; sourceTree = "<group>"; };
		218008DA1D98CFD000ABD11B /* NIMTeamManagerProtocol.h */ = {isa = PBXFileReference; fileEncoding = 4; lastKnownFileType = sourcecode.c.h; path = NIMTeamManagerProtocol.h; sourceTree = "<group>"; };
		218008DB1D98CFD000ABD11B /* NIMUserManagerProtocol.h */ = {isa = PBXFileReference; fileEncoding = 4; lastKnownFileType = sourcecode.c.h; path = NIMUserManagerProtocol.h; sourceTree = "<group>"; };
		218008DD1D98CFD000ABD11B /* NIMCreateTeamOption.h */ = {isa = PBXFileReference; fileEncoding = 4; lastKnownFileType = sourcecode.c.h; path = NIMCreateTeamOption.h; sourceTree = "<group>"; };
		218008DE1D98CFD000ABD11B /* NIMTeam.h */ = {isa = PBXFileReference; fileEncoding = 4; lastKnownFileType = sourcecode.c.h; path = NIMTeam.h; sourceTree = "<group>"; };
		218008DF1D98CFD000ABD11B /* NIMTeamDefs.h */ = {isa = PBXFileReference; fileEncoding = 4; lastKnownFileType = sourcecode.c.h; path = NIMTeamDefs.h; sourceTree = "<group>"; };
		218008E01D98CFD000ABD11B /* NIMTeamMember.h */ = {isa = PBXFileReference; fileEncoding = 4; lastKnownFileType = sourcecode.c.h; path = NIMTeamMember.h; sourceTree = "<group>"; };
		218008E31D98CFD000ABD11B /* libaacplus.a */ = {isa = PBXFileReference; lastKnownFileType = archive.ar; path = libaacplus.a; sourceTree = "<group>"; };
		218008E41D98CFD000ABD11B /* libcrypto.a */ = {isa = PBXFileReference; lastKnownFileType = archive.ar; path = libcrypto.a; sourceTree = "<group>"; };
		218008E51D98CFD000ABD11B /* libevent.a */ = {isa = PBXFileReference; lastKnownFileType = archive.ar; path = libevent.a; sourceTree = "<group>"; };
		218008E61D98CFD000ABD11B /* libssl.a */ = {isa = PBXFileReference; lastKnownFileType = archive.ar; path = libssl.a; sourceTree = "<group>"; };
		2180090C1D98E6C900ABD11B /* AppCanKit.framework */ = {isa = PBXFileReference; lastKnownFileType = wrapper.framework; path = AppCanKit.framework; sourceTree = "<group>"; };
		3C1EB14F1C40B661006290B2 /* NSString+NTES.h */ = {isa = PBXFileReference; fileEncoding = 4; lastKnownFileType = sourcecode.c.h; path = "NSString+NTES.h"; sourceTree = "<group>"; };
		3C1EB1501C40B661006290B2 /* NSString+NTES.m */ = {isa = PBXFileReference; fileEncoding = 4; lastKnownFileType = sourcecode.c.objc; path = "NSString+NTES.m"; sourceTree = "<group>"; };
		3CEE30661C40A4ED002787AD /* EUExNIM-PrefixHeader.pch */ = {isa = PBXFileReference; fileEncoding = 4; lastKnownFileType = sourcecode.c.h; path = "EUExNIM-PrefixHeader.pch"; sourceTree = "<group>"; };
		3CEE30671C40A4ED002787AD /* uexNIMManager.h */ = {isa = PBXFileReference; fileEncoding = 4; lastKnownFileType = sourcecode.c.h; path = uexNIMManager.h; sourceTree = "<group>"; };
		3CEE30681C40A4ED002787AD /* uexNIMManager.m */ = {isa = PBXFileReference; fileEncoding = 4; lastKnownFileType = sourcecode.c.objc; path = uexNIMManager.m; sourceTree = "<group>"; };
		3CEF0F591C48DC92009F53BB /* NTESGLView.h */ = {isa = PBXFileReference; fileEncoding = 4; lastKnownFileType = sourcecode.c.h; path = NTESGLView.h; sourceTree = "<group>"; };
		3CEF0F5A1C48DC92009F53BB /* NTESGLView.m */ = {isa = PBXFileReference; fileEncoding = 4; lastKnownFileType = sourcecode.c.objc; path = NTESGLView.m; sourceTree = "<group>"; };
		3CFD25C11C3D0A1E00A8D99C /* libuexNIM.a */ = {isa = PBXFileReference; explicitFileType = archive.ar; includeInIndex = 0; path = libuexNIM.a; sourceTree = BUILT_PRODUCTS_DIR; };
		3CFD25C41C3D0A1E00A8D99C /* EUExNIM.h */ = {isa = PBXFileReference; lastKnownFileType = sourcecode.c.h; path = EUExNIM.h; sourceTree = "<group>"; };
		3CFD25C61C3D0A1E00A8D99C /* EUExNIM.m */ = {isa = PBXFileReference; lastKnownFileType = sourcecode.c.objc; path = EUExNIM.m; sourceTree = "<group>"; };
		3CFD25DD1C3D0FCB00A8D99C /* EUExBase+Bundle.h */ = {isa = PBXFileReference; lastKnownFileType = sourcecode.c.h; path = "EUExBase+Bundle.h"; sourceTree = "<group>"; };
		3CFD25DF1C3D0FCB00A8D99C /* EUExBaseDefine.h */ = {isa = PBXFileReference; lastKnownFileType = sourcecode.c.h; path = EUExBaseDefine.h; sourceTree = "<group>"; };
		3CFD25E01C3D0FCB00A8D99C /* EUtility.h */ = {isa = PBXFileReference; lastKnownFileType = sourcecode.c.h; path = EUtility.h; sourceTree = "<group>"; };
		3CFD25E21C3D0FCB00A8D99C /* WidgetOneDelegate.h */ = {isa = PBXFileReference; lastKnownFileType = sourcecode.c.h; path = WidgetOneDelegate.h; sourceTree = "<group>"; };
/* End PBXFileReference section */

/* Begin PBXFrameworksBuildPhase section */
		3CFD25BE1C3D0A1E00A8D99C /* Frameworks */ = {
			isa = PBXFrameworksBuildPhase;
			buildActionMask = 2147483647;
			files = (
				21577CD21D9B58E00098BDC3 /* libNIMSDK_x86_64.a in Frameworks */,
				218008EB1D98CFD000ABD11B /* libopenh264.a in Frameworks */,
				218008E81D98CFD000ABD11B /* libnio.a in Frameworks */,
				218008F11D98CFD000ABD11B /* libssl.a in Frameworks */,
				218008EC1D98CFD000ABD11B /* libopus.a in Frameworks */,
				218008EE1D98CFD000ABD11B /* libaacplus.a in Frameworks */,
				218008EA1D98CFD000ABD11B /* libnvs.a in Frameworks */,
				21577CD01D9B58E00098BDC3 /* libNIMSDK_armv7.a in Frameworks */,
				218008F01D98CFD000ABD11B /* libevent.a in Frameworks */,
				218008E71D98CFD000ABD11B /* libNIMAVChat.a in Frameworks */,
				218008E91D98CFD000ABD11B /* libnts.a in Frameworks */,
				2180090D1D98E6C900ABD11B /* AppCanKit.framework in Frameworks */,
				21577CD11D9B58E00098BDC3 /* libNIMSDK_i386.a in Frameworks */,
				21577CCF1D9B58E00098BDC3 /* libNIMSDK_arm64.a in Frameworks */,
				218008EF1D98CFD000ABD11B /* libcrypto.a in Frameworks */,
			);
			runOnlyForDeploymentPostprocessing = 0;
		};
/* End PBXFrameworksBuildPhase section */

/* Begin PBXGroup section */
		218008941D98CFD000ABD11B /* NIM_iOS_SDK_v2 */ = {
			isa = PBXGroup;
			children = (
				218008951D98CFD000ABD11B /* NIMAVChat */,
				218008A71D98CFD000ABD11B /* NIMSDK */,
			);
			path = NIM_iOS_SDK_v2;
			sourceTree = "<group>";
		};
		218008951D98CFD000ABD11B /* NIMAVChat */ = {
			isa = PBXGroup;
			children = (
				218008961D98CFD000ABD11B /* ExportHeaders */,
				218008A01D98CFD000ABD11B /* libNIMAVChat.a */,
				218008A11D98CFD000ABD11B /* Libs */,
			);
			path = NIMAVChat;
			sourceTree = "<group>";
		};
		218008961D98CFD000ABD11B /* ExportHeaders */ = {
			isa = PBXGroup;
			children = (
				218008971D98CFD000ABD11B /* NIMAVChat.h */,
				218008981D98CFD000ABD11B /* NIMNetCallDefs.h */,
				218008991D98CFD000ABD11B /* NIMNetCallManagerProtocol.h */,
				2180089A1D98CFD000ABD11B /* NIMNetCallMeeting.h */,
				2180089B1D98CFD000ABD11B /* NIMNetCallOption.h */,
				2180089C1D98CFD000ABD11B /* NIMNetCallRecordingInfo.h */,
				2180089D1D98CFD000ABD11B /* NIMRTSManagerProtocol.h */,
				2180089E1D98CFD000ABD11B /* NIMRTSOption.h */,
				2180089F1D98CFD000ABD11B /* NIMRTSRecordingInfo.h */,
			);
			path = ExportHeaders;
			sourceTree = "<group>";
		};
		218008A11D98CFD000ABD11B /* Libs */ = {
			isa = PBXGroup;
			children = (
				218008A21D98CFD000ABD11B /* libnio.a */,
				218008A31D98CFD000ABD11B /* libnts.a */,
				218008A41D98CFD000ABD11B /* libnvs.a */,
				218008A51D98CFD000ABD11B /* libopenh264.a */,
				218008A61D98CFD000ABD11B /* libopus.a */,
			);
			path = Libs;
			sourceTree = "<group>";
		};
		218008A71D98CFD000ABD11B /* NIMSDK */ = {
			isa = PBXGroup;
			children = (
				21577CCB1D9B58E00098BDC3 /* libNIMSDK_arm64.a */,
				21577CCC1D9B58E00098BDC3 /* libNIMSDK_armv7.a */,
				21577CCD1D9B58E00098BDC3 /* libNIMSDK_i386.a */,
				21577CCE1D9B58E00098BDC3 /* libNIMSDK_x86_64.a */,
				218008A81D98CFD000ABD11B /* ExportHeaders */,
				218008E21D98CFD000ABD11B /* Libs */,
			);
			path = NIMSDK;
			sourceTree = "<group>";
		};
		218008A81D98CFD000ABD11B /* ExportHeaders */ = {
			isa = PBXGroup;
			children = (
				218008A91D98CFD000ABD11B /* Chatroom */,
				218008B11D98CFD000ABD11B /* MessageObject */,
				218008C01D98CFD000ABD11B /* NIMCustomSystemNotificationSetting.h */,
				218008C11D98CFD000ABD11B /* NIMGlobalDefs.h */,
				218008C21D98CFD000ABD11B /* NIMLoginClient.h */,
				218008C31D98CFD000ABD11B /* NIMMessage.h */,
				218008C41D98CFD000ABD11B /* NIMMessageApnsMemberOption.h */,
				218008C51D98CFD000ABD11B /* NIMMessageReceipt.h */,
				218008C61D98CFD000ABD11B /* NIMMessageSearchOption.h */,
				218008C71D98CFD000ABD11B /* NIMMessageSetting.h */,
				218008C81D98CFD000ABD11B /* NIMPushNotificationSetting.h */,
				218008C91D98CFD000ABD11B /* NIMRecentSession.h */,
				218008CA1D98CFD000ABD11B /* NIMSDK.h */,
				218008CB1D98CFD000ABD11B /* NIMSDKConfig.h */,
				218008CC1D98CFD000ABD11B /* NIMSDKHeaders.h */,
				218008CD1D98CFD000ABD11B /* NIMSession.h */,
				218008CE1D98CFD000ABD11B /* NIMSystemNotification.h */,
				218008CF1D98CFD000ABD11B /* NIMUser.h */,
				218008D01D98CFD000ABD11B /* Protocol */,
				218008DC1D98CFD000ABD11B /* Team */,
			);
			path = ExportHeaders;
			sourceTree = "<group>";
		};
		218008A91D98CFD000ABD11B /* Chatroom */ = {
			isa = PBXGroup;
			children = (
				218008AA1D98CFD000ABD11B /* NIMChatroom.h */,
				218008AB1D98CFD000ABD11B /* NIMChatroomEnterRequest.h */,
				218008AC1D98CFD000ABD11B /* NIMChatroomMember.h */,
				218008AD1D98CFD000ABD11B /* NIMChatroomMemberRequest.h */,
				218008AE1D98CFD000ABD11B /* NIMChatroomQueueRequest.h */,
				218008AF1D98CFD000ABD11B /* NIMChatroomUpdateRequest.h */,
				218008B01D98CFD000ABD11B /* NIMMessageChatroomExtension.h */,
			);
			path = Chatroom;
			sourceTree = "<group>";
		};
		218008B11D98CFD000ABD11B /* MessageObject */ = {
			isa = PBXGroup;
			children = (
				218008B21D98CFD000ABD11B /* NIMAudioObject.h */,
				218008B31D98CFD000ABD11B /* NIMCustomObject.h */,
				218008B41D98CFD000ABD11B /* NIMFileObject.h */,
				218008B51D98CFD000ABD11B /* NIMImageObject.h */,
				218008B61D98CFD000ABD11B /* NIMLocationObject.h */,
				218008B71D98CFD000ABD11B /* NIMNotificationObject.h */,
				218008B81D98CFD000ABD11B /* NIMTipObject.h */,
				218008B91D98CFD000ABD11B /* NIMVideoObject.h */,
				218008BA1D98CFD000ABD11B /* NotificationContent */,
			);
			path = MessageObject;
			sourceTree = "<group>";
		};
		218008BA1D98CFD000ABD11B /* NotificationContent */ = {
			isa = PBXGroup;
			children = (
				218008BB1D98CFD000ABD11B /* NIMChatroomNotificationContent.h */,
				218008BC1D98CFD000ABD11B /* NIMNetCallNotificationContent.h */,
				218008BD1D98CFD000ABD11B /* NIMNotificationContent.h */,
				218008BE1D98CFD000ABD11B /* NIMTeamNotificationContent.h */,
				218008BF1D98CFD000ABD11B /* NIMUnsupportedNotificationContent.h */,
			);
			path = NotificationContent;
			sourceTree = "<group>";
		};
		218008D01D98CFD000ABD11B /* Protocol */ = {
			isa = PBXGroup;
			children = (
				218008D11D98CFD000ABD11B /* NIMApnsManagerProtocol.h */,
				218008D21D98CFD000ABD11B /* NIMChatManagerProtocol.h */,
				218008D31D98CFD000ABD11B /* NIMChatroomManagerProtocol.h */,
				218008D41D98CFD000ABD11B /* NIMConversationManagerProtocol.h */,
				218008D51D98CFD000ABD11B /* NIMLoginManagerProtocol.h */,
				218008D61D98CFD000ABD11B /* NIMMediaManagerProtocol.h */,
				218008D71D98CFD000ABD11B /* NIMMessageObjectProtocol.h */,
				218008D81D98CFD000ABD11B /* NIMResourceManagerProtocol.h */,
				218008D91D98CFD000ABD11B /* NIMSystemNotificationManagerProtocol.h */,
				218008DA1D98CFD000ABD11B /* NIMTeamManagerProtocol.h */,
				218008DB1D98CFD000ABD11B /* NIMUserManagerProtocol.h */,
			);
			path = Protocol;
			sourceTree = "<group>";
		};
		218008DC1D98CFD000ABD11B /* Team */ = {
			isa = PBXGroup;
			children = (
				218008DD1D98CFD000ABD11B /* NIMCreateTeamOption.h */,
				218008DE1D98CFD000ABD11B /* NIMTeam.h */,
				218008DF1D98CFD000ABD11B /* NIMTeamDefs.h */,
				218008E01D98CFD000ABD11B /* NIMTeamMember.h */,
			);
			path = Team;
			sourceTree = "<group>";
		};
		218008E21D98CFD000ABD11B /* Libs */ = {
			isa = PBXGroup;
			children = (
				218008E31D98CFD000ABD11B /* libaacplus.a */,
				218008E41D98CFD000ABD11B /* libcrypto.a */,
				218008E51D98CFD000ABD11B /* libevent.a */,
				218008E61D98CFD000ABD11B /* libssl.a */,
			);
			path = Libs;
			sourceTree = "<group>";
		};
		3CEE300D1C40A4C1002787AD /* sourceCode */ = {
			isa = PBXGroup;
			children = (
				2180090C1D98E6C900ABD11B /* AppCanKit.framework */,
				218008941D98CFD000ABD11B /* NIM_iOS_SDK_v2 */,
				3C1EB14F1C40B661006290B2 /* NSString+NTES.h */,
				3C1EB1501C40B661006290B2 /* NSString+NTES.m */,
				3CEF0F591C48DC92009F53BB /* NTESGLView.h */,
				3CEF0F5A1C48DC92009F53BB /* NTESGLView.m */,
				3CEE30661C40A4ED002787AD /* EUExNIM-PrefixHeader.pch */,
				3CEE30671C40A4ED002787AD /* uexNIMManager.h */,
				3CEE30681C40A4ED002787AD /* uexNIMManager.m */,
			);
			path = sourceCode;
			sourceTree = "<group>";
		};
		3CFD25B81C3D0A1E00A8D99C = {
			isa = PBXGroup;
			children = (
				3CFD25C31C3D0A1E00A8D99C /* EUExNIM */,
				3CFD25C21C3D0A1E00A8D99C /* Products */,
			);
			sourceTree = "<group>";
		};
		3CFD25C21C3D0A1E00A8D99C /* Products */ = {
			isa = PBXGroup;
			children = (
				3CFD25C11C3D0A1E00A8D99C /* libuexNIM.a */,
			);
			name = Products;
			sourceTree = "<group>";
		};
		3CFD25C31C3D0A1E00A8D99C /* EUExNIM */ = {
			isa = PBXGroup;
			children = (
				3CEE300D1C40A4C1002787AD /* sourceCode */,
				3CFD25DC1C3D0FCB00A8D99C /* engineHeader */,
				3CFD25C41C3D0A1E00A8D99C /* EUExNIM.h */,
				3CFD25C61C3D0A1E00A8D99C /* EUExNIM.m */,
			);
			path = EUExNIM;
			sourceTree = "<group>";
		};
		3CFD25DC1C3D0FCB00A8D99C /* engineHeader */ = {
			isa = PBXGroup;
			children = (
				3CFD25DD1C3D0FCB00A8D99C /* EUExBase+Bundle.h */,
				3CFD25DF1C3D0FCB00A8D99C /* EUExBaseDefine.h */,
				3CFD25E01C3D0FCB00A8D99C /* EUtility.h */,
				3CFD25E21C3D0FCB00A8D99C /* WidgetOneDelegate.h */,
			);
			path = engineHeader;
			sourceTree = "<group>";
		};
/* End PBXGroup section */

/* Begin PBXNativeTarget section */
		3CFD25C01C3D0A1E00A8D99C /* EUExNIM */ = {
			isa = PBXNativeTarget;
			buildConfigurationList = 3CFD25CA1C3D0A1E00A8D99C /* Build configuration list for PBXNativeTarget "EUExNIM" */;
			buildPhases = (
				3CFD25BD1C3D0A1E00A8D99C /* Sources */,
				3CFD25BE1C3D0A1E00A8D99C /* Frameworks */,
				3CFD25BF1C3D0A1E00A8D99C /* CopyFiles */,
			);
			buildRules = (
			);
			dependencies = (
			);
			name = EUExNIM;
			productName = EUExNIM;
			productReference = 3CFD25C11C3D0A1E00A8D99C /* libuexNIM.a */;
			productType = "com.apple.product-type.library.static";
		};
/* End PBXNativeTarget section */

/* Begin PBXProject section */
		3CFD25B91C3D0A1E00A8D99C /* Project object */ = {
			isa = PBXProject;
			attributes = {
				LastUpgradeCheck = 0710;
				ORGANIZATIONNAME = AppCan;
				TargetAttributes = {
					3CFD25C01C3D0A1E00A8D99C = {
						CreatedOnToolsVersion = 7.1.1;
					};
				};
			};
			buildConfigurationList = 3CFD25BC1C3D0A1E00A8D99C /* Build configuration list for PBXProject "EUExNIM" */;
			compatibilityVersion = "Xcode 3.2";
			developmentRegion = English;
			hasScannedForEncodings = 0;
			knownRegions = (
				en,
			);
			mainGroup = 3CFD25B81C3D0A1E00A8D99C;
			productRefGroup = 3CFD25C21C3D0A1E00A8D99C /* Products */;
			projectDirPath = "";
			projectRoot = "";
			targets = (
				3CFD25C01C3D0A1E00A8D99C /* EUExNIM */,
			);
		};
/* End PBXProject section */

/* Begin PBXSourcesBuildPhase section */
		3CFD25BD1C3D0A1E00A8D99C /* Sources */ = {
			isa = PBXSourcesBuildPhase;
			buildActionMask = 2147483647;
			files = (
				3CEF0F5B1C48DC92009F53BB /* NTESGLView.m in Sources */,
				3C1EB1511C40B661006290B2 /* NSString+NTES.m in Sources */,
				3CFD25C71C3D0A1E00A8D99C /* EUExNIM.m in Sources */,
				3CEE307C1C40A4ED002787AD /* uexNIMManager.m in Sources */,
			);
			runOnlyForDeploymentPostprocessing = 0;
		};
/* End PBXSourcesBuildPhase section */

/* Begin XCBuildConfiguration section */
		3CFD25C81C3D0A1E00A8D99C /* Debug */ = {
			isa = XCBuildConfiguration;
			buildSettings = {
				ALWAYS_SEARCH_USER_PATHS = NO;
				CLANG_CXX_LANGUAGE_STANDARD = "gnu++0x";
				CLANG_CXX_LIBRARY = "libc++";
				CLANG_ENABLE_MODULES = YES;
				CLANG_ENABLE_OBJC_ARC = YES;
				CLANG_WARN_BOOL_CONVERSION = YES;
				CLANG_WARN_CONSTANT_CONVERSION = YES;
				CLANG_WARN_DIRECT_OBJC_ISA_USAGE = YES_ERROR;
				CLANG_WARN_EMPTY_BODY = YES;
				CLANG_WARN_ENUM_CONVERSION = YES;
				CLANG_WARN_INT_CONVERSION = YES;
				CLANG_WARN_OBJC_ROOT_CLASS = YES_ERROR;
				CLANG_WARN_UNREACHABLE_CODE = YES;
				CLANG_WARN__DUPLICATE_METHOD_MATCH = YES;
				"CODE_SIGN_IDENTITY[sdk=iphoneos*]" = "iPhone Developer";
				COPY_PHASE_STRIP = NO;
				DEBUG_INFORMATION_FORMAT = dwarf;
				ENABLE_STRICT_OBJC_MSGSEND = YES;
				ENABLE_TESTABILITY = YES;
				GCC_C_LANGUAGE_STANDARD = gnu99;
				GCC_DYNAMIC_NO_PIC = NO;
				GCC_NO_COMMON_BLOCKS = YES;
				GCC_OPTIMIZATION_LEVEL = 0;
				GCC_PREPROCESSOR_DEFINITIONS = (
					"DEBUG=1",
					"$(inherited)",
				);
				GCC_WARN_64_TO_32_BIT_CONVERSION = YES;
				GCC_WARN_ABOUT_RETURN_TYPE = YES_ERROR;
				GCC_WARN_UNDECLARED_SELECTOR = YES;
				GCC_WARN_UNINITIALIZED_AUTOS = YES_AGGRESSIVE;
				GCC_WARN_UNUSED_FUNCTION = YES;
				GCC_WARN_UNUSED_VARIABLE = YES;
				IPHONEOS_DEPLOYMENT_TARGET = 6.0;
				MTL_ENABLE_DEBUG_INFO = YES;
				ONLY_ACTIVE_ARCH = YES;
				SDKROOT = iphoneos;
			};
			name = Debug;
		};
		3CFD25C91C3D0A1E00A8D99C /* Release */ = {
			isa = XCBuildConfiguration;
			buildSettings = {
				ALWAYS_SEARCH_USER_PATHS = NO;
				CLANG_CXX_LANGUAGE_STANDARD = "gnu++0x";
				CLANG_CXX_LIBRARY = "libc++";
				CLANG_ENABLE_MODULES = YES;
				CLANG_ENABLE_OBJC_ARC = YES;
				CLANG_WARN_BOOL_CONVERSION = YES;
				CLANG_WARN_CONSTANT_CONVERSION = YES;
				CLANG_WARN_DIRECT_OBJC_ISA_USAGE = YES_ERROR;
				CLANG_WARN_EMPTY_BODY = YES;
				CLANG_WARN_ENUM_CONVERSION = YES;
				CLANG_WARN_INT_CONVERSION = YES;
				CLANG_WARN_OBJC_ROOT_CLASS = YES_ERROR;
				CLANG_WARN_UNREACHABLE_CODE = YES;
				CLANG_WARN__DUPLICATE_METHOD_MATCH = YES;
				"CODE_SIGN_IDENTITY[sdk=iphoneos*]" = "iPhone Developer";
				COPY_PHASE_STRIP = NO;
				DEBUG_INFORMATION_FORMAT = "dwarf-with-dsym";
				ENABLE_NS_ASSERTIONS = NO;
				ENABLE_STRICT_OBJC_MSGSEND = YES;
				GCC_C_LANGUAGE_STANDARD = gnu99;
				GCC_NO_COMMON_BLOCKS = YES;
				GCC_WARN_64_TO_32_BIT_CONVERSION = YES;
				GCC_WARN_ABOUT_RETURN_TYPE = YES_ERROR;
				GCC_WARN_UNDECLARED_SELECTOR = YES;
				GCC_WARN_UNINITIALIZED_AUTOS = YES_AGGRESSIVE;
				GCC_WARN_UNUSED_FUNCTION = YES;
				GCC_WARN_UNUSED_VARIABLE = YES;
				IPHONEOS_DEPLOYMENT_TARGET = 6.0;
				MTL_ENABLE_DEBUG_INFO = NO;
				SDKROOT = iphoneos;
				VALIDATE_PRODUCT = YES;
			};
			name = Release;
		};
		3CFD25CB1C3D0A1E00A8D99C /* Debug */ = {
			isa = XCBuildConfiguration;
			buildSettings = {
				CONFIGURATION_BUILD_DIR = $SRCROOT/uexNIM;
				FRAMEWORK_SEARCH_PATHS = (
					"$(inherited)",
					"$(PROJECT_DIR)/EUExNIM/sourceCode",
				);
				GCC_PREFIX_HEADER = "$SRCROOT/EUExNIM/sourceCode/EUExNIM-PrefixHeader.pch";
				LIBRARY_SEARCH_PATHS = (
					"$(inherited)",
					"$(PROJECT_DIR)/EUExNIM",
					"$(PROJECT_DIR)/EUExNIM/sourceCode",
					"$(PROJECT_DIR)/EUExNIM/engineHeader",
					"$(PROJECT_DIR)/EUExNIM/sourceCode/ExportHeaders",
					"$(PROJECT_DIR)/EUExNIM/sourceCode/NIM_iOS_SDK_v2/NIMAVChat",
					"$(PROJECT_DIR)/EUExNIM/sourceCode/NIM_iOS_SDK_v2/NIMAVChat/Libs",
					"$(PROJECT_DIR)/EUExNIM/sourceCode/NIM_iOS_SDK_v2/NIMSDK",
					"$(PROJECT_DIR)/EUExNIM/sourceCode/NIM_iOS_SDK_v2/NIMSDK/Libs",
				);
				OTHER_LDFLAGS = "-ObjC";
				PRODUCT_NAME = uexNIM;
				SKIP_INSTALL = YES;
			};
			name = Debug;
		};
		3CFD25CC1C3D0A1E00A8D99C /* Release */ = {
			isa = XCBuildConfiguration;
			buildSettings = {
				CONFIGURATION_BUILD_DIR = $SRCROOT/uexNIM;
				FRAMEWORK_SEARCH_PATHS = (
					"$(inherited)",
					"$(PROJECT_DIR)/EUExNIM/sourceCode",
				);
				GCC_PREFIX_HEADER = "$SRCROOT/EUExNIM/sourceCode/EUExNIM-PrefixHeader.pch";
				LIBRARY_SEARCH_PATHS = (
					"$(inherited)",
					"$(PROJECT_DIR)/EUExNIM",
					"$(PROJECT_DIR)/EUExNIM/sourceCode",
					"$(PROJECT_DIR)/EUExNIM/engineHeader",
					"$(PROJECT_DIR)/EUExNIM/sourceCode/ExportHeaders",
					"$(PROJECT_DIR)/EUExNIM/sourceCode/NIM_iOS_SDK_v2/NIMAVChat",
					"$(PROJECT_DIR)/EUExNIM/sourceCode/NIM_iOS_SDK_v2/NIMAVChat/Libs",
					"$(PROJECT_DIR)/EUExNIM/sourceCode/NIM_iOS_SDK_v2/NIMSDK",
					"$(PROJECT_DIR)/EUExNIM/sourceCode/NIM_iOS_SDK_v2/NIMSDK/Libs",
				);
				OTHER_LDFLAGS = "-ObjC";
				PRODUCT_NAME = uexNIM;
				SKIP_INSTALL = YES;
			};
			name = Release;
		};
/* End XCBuildConfiguration section */

/* Begin XCConfigurationList section */
		3CFD25BC1C3D0A1E00A8D99C /* Build configuration list for PBXProject "EUExNIM" */ = {
			isa = XCConfigurationList;
			buildConfigurations = (
				3CFD25C81C3D0A1E00A8D99C /* Debug */,
				3CFD25C91C3D0A1E00A8D99C /* Release */,
			);
			defaultConfigurationIsVisible = 0;
			defaultConfigurationName = Release;
		};
		3CFD25CA1C3D0A1E00A8D99C /* Build configuration list for PBXNativeTarget "EUExNIM" */ = {
			isa = XCConfigurationList;
			buildConfigurations = (
				3CFD25CB1C3D0A1E00A8D99C /* Debug */,
				3CFD25CC1C3D0A1E00A8D99C /* Release */,
			);
			defaultConfigurationIsVisible = 0;
			defaultConfigurationName = Release;
		};
/* End XCConfigurationList section */
	};
	rootObject = 3CFD25B91C3D0A1E00A8D99C /* Project object */;
}
